
Microsoft Visual Studio Solution File, Format Version 12.00
# Visual Studio Version 16
VisualStudioVersion = 16.0.29806.167
MinimumVisualStudioVersion = 10.0.40219.1
Project("{FAE04EC0-301F-11D3-BF4B-00C04F79EFBC}") = "MouseHook", "MouseHook.csproj", "{A80B0E80-9FFD-4A5A-954E-7D59C3C4FCB3}"
EndProject
Global
	GlobalSection(SolutionConfigurationPlatforms) = preSolution
		Debug|Any CPU = Debug|Any CPU
		Release|Any CPU = Release|Any CPU
	EndGlobalSection
	GlobalSection(ProjectConfigurationPlatforms) = postSolution
		{A80B0E80-9FFD-4A5A-954E-7D59C3C4FCB3}.Debug|Any CPU.ActiveCfg = Debug|Any CPU
		{A80B0E80-9FFD-4A5A-954E-7D59C3C4FCB3}.Debug|Any CPU.Build.0 = Debug|Any CPU
		{A80B0E80-9FFD-4A5A-954E-7D59C3C4FCB3}.Release|Any CPU.ActiveCfg = Release|Any CPU
		{A80B0E80-9FFD-4A5A-954E-7D59C3C4FCB3}.Release|Any CPU.Build.0 = Release|Any CPU
	EndGlobalSection
	GlobalSection(SolutionProperties) = preSolution
		HideSolutionNode = FALSE
	EndGlobalSection
	GlobalSection(ExtensibilityGlobals) = postSolution
		SolutionGuid = {E3D76D3A-6F35-4859-8C5E-F33EED53D7B4}
	EndGlobalSection
EndGlobal
